
Microsoft Visual Studio Solution File, Format Version 12.00
# Visual Studio 2013
VisualStudioVersion = 12.0.21005.1
MinimumVisualStudioVersion = 10.0.40219.1
Project("{FAE04EC0-301F-11D3-BF4B-00C04F79EFBC}") = "PriceCalculator", "PriceCalculator\PriceCalculator.csproj", "{D4C64295-556A-44A9-A497-9370BA9C7559}"
EndProject
Project("{FAE04EC0-301F-11D3-BF4B-00C04F79EFBC}") = "PriceCalculator.Tests.Unit", "PriceCalculator.Tests.Unit\PriceCalculator.Tests.Unit.csproj", "{5598C45F-AB92-4A70-994C-E48664E18F3B}"
EndProject
Project("{FAE04EC0-301F-11D3-BF4B-00C04F79EFBC}") = "PriceCalculator.Tests.Acceptance", "PriceCalculator.Tests.Acceptance\PriceCalculator.Tests.Acceptance.csproj", "{4439E417-11C3-463A-9729-E0CAABF8998D}"
EndProject
Global
	GlobalSection(SolutionConfigurationPlatforms) = preSolution
		Debug|Any CPU = Debug|Any CPU
		Release|Any CPU = Release|Any CPU
	EndGlobalSection
	GlobalSection(ProjectConfigurationPlatforms) = postSolution
		{D4C64295-556A-44A9-A497-9370BA9C7559}.Debug|Any CPU.ActiveCfg = Debug|Any CPU
		{D4C64295-556A-44A9-A497-9370BA9C7559}.Debug|Any CPU.Build.0 = Debug|Any CPU
		{D4C64295-556A-44A9-A497-9370BA9C7559}.Release|Any CPU.ActiveCfg = Release|Any CPU
		{D4C64295-556A-44A9-A497-9370BA9C7559}.Release|Any CPU.Build.0 = Release|Any CPU
		{5598C45F-AB92-4A70-994C-E48664E18F3B}.Debug|Any CPU.ActiveCfg = Debug|Any CPU
		{5598C45F-AB92-4A70-994C-E48664E18F3B}.Debug|Any CPU.Build.0 = Debug|Any CPU
		{5598C45F-AB92-4A70-994C-E48664E18F3B}.Release|Any CPU.ActiveCfg = Release|Any CPU
		{5598C45F-AB92-4A70-994C-E48664E18F3B}.Release|Any CPU.Build.0 = Release|Any CPU
		{4439E417-11C3-463A-9729-E0CAABF8998D}.Debug|Any CPU.ActiveCfg = Debug|Any CPU
		{4439E417-11C3-463A-9729-E0CAABF8998D}.Debug|Any CPU.Build.0 = Debug|Any CPU
		{4439E417-11C3-463A-9729-E0CAABF8998D}.Release|Any CPU.ActiveCfg = Release|Any CPU
		{4439E417-11C3-463A-9729-E0CAABF8998D}.Release|Any CPU.Build.0 = Release|Any CPU
	EndGlobalSection
	GlobalSection(SolutionProperties) = preSolution
		HideSolutionNode = FALSE
	EndGlobalSection
EndGlobal
